// !$*UTF8*$!
{
	archiveVersion = 1;
	classes = {
	};
	objectVersion = 46;
	objects = {

/* Begin PBXBuildFile section */
		1BD7CB795FF1293092D94E77 /* Pods_HaveFriends.framework in Frameworks */ = {isa = PBXBuildFile; fileRef = 17DE2DBCA632ECF0245B8B5A /* Pods_HaveFriends.framework */; };
		B51AF7A21D0C391F0062E530 /* XMPPUser.m in Sources */ = {isa = PBXBuildFile; fileRef = B51AF7A11D0C391F0062E530 /* XMPPUser.m */; };
		B51AF7D51D0D3A8E0062E530 /* EditMessageController.m in Sources */ = {isa = PBXBuildFile; fileRef = B51AF7D41D0D3A8E0062E530 /* EditMessageController.m */; };
		B51AF7D81D0D3D6B0062E530 /* EditMessageView.m in Sources */ = {isa = PBXBuildFile; fileRef = B51AF7D71D0D3D6B0062E530 /* EditMessageView.m */; };
		B51AF7DB1D0E5B0F0062E530 /* AddressBookView.m in Sources */ = {isa = PBXBuildFile; fileRef = B51AF7DA1D0E5B0F0062E530 /* AddressBookView.m */; };
		B51AF7DE1D0E861C0062E530 /* AddFriendController.m in Sources */ = {isa = PBXBuildFile; fileRef = B51AF7DD1D0E861C0062E530 /* AddFriendController.m */; };
		B51AF7E11D0E86A40062E530 /* AddFriendView.m in Sources */ = {isa = PBXBuildFile; fileRef = B51AF7E01D0E86A40062E530 /* AddFriendView.m */; };
		B51AF7E41D0E99240062E530 /* ChatController.m in Sources */ = {isa = PBXBuildFile; fileRef = B51AF7E31D0E99240062E530 /* ChatController.m */; };
		B51AF7E71D0E99500062E530 /* ChatView.m in Sources */ = {isa = PBXBuildFile; fileRef = B51AF7E61D0E99500062E530 /* ChatView.m */; };
		B531A3451D0FBDFC005E5A9F /* ChatCell.m in Sources */ = {isa = PBXBuildFile; fileRef = B531A3441D0FBDFC005E5A9F /* ChatCell.m */; };
		B531A34F1D1127F2005E5A9F /* FriendsCell.m in Sources */ = {isa = PBXBuildFile; fileRef = B531A34E1D1127F2005E5A9F /* FriendsCell.m */; };
		B531A3521D125B93005E5A9F /* UIImage+Extention.m in Sources */ = {isa = PBXBuildFile; fileRef = B531A3511D125B93005E5A9F /* UIImage+Extention.m */; };
		B531A3B31D16ABFB005E5A9F /* BKTableViewCell.m in Sources */ = {isa = PBXBuildFile; fileRef = B531A3AE1D16ABFB005E5A9F /* BKTableViewCell.m */; };
		B531A3B41D16ABFB005E5A9F /* BKTableView.m in Sources */ = {isa = PBXBuildFile; fileRef = B531A3B01D16ABFB005E5A9F /* BKTableView.m */; };
		B531A3B51D16ABFB005E5A9F /* BKTableViewAdapter.m in Sources */ = {isa = PBXBuildFile; fileRef = B531A3B21D16ABFB005E5A9F /* BKTableViewAdapter.m */; };
		B531A3B81D16AC6B005E5A9F /* UIColor+Hex.m in Sources */ = {isa = PBXBuildFile; fileRef = B531A3B71D16AC6B005E5A9F /* UIColor+Hex.m */; };
		B531A3C21D16C9E0005E5A9F /* PersonAdapter.m in Sources */ = {isa = PBXBuildFile; fileRef = B531A3BF1D16C9E0005E5A9F /* PersonAdapter.m */; };
		B531A3C31D16C9E0005E5A9F /* PersonController.m in Sources */ = {isa = PBXBuildFile; fileRef = B531A3C11D16C9E0005E5A9F /* PersonController.m */; };
		B531A3C61D16CA0A005E5A9F /* PersonView.m in Sources */ = {isa = PBXBuildFile; fileRef = B531A3C51D16CA0A005E5A9F /* PersonView.m */; };
		B531A3CF1D16E0FA005E5A9F /* AddressAdapter.m in Sources */ = {isa = PBXBuildFile; fileRef = B531A3CE1D16E0FA005E5A9F /* AddressAdapter.m */; };
		B531A3D21D17ADCA005E5A9F /* ChatAdapter.m in Sources */ = {isa = PBXBuildFile; fileRef = B531A3D11D17ADCA005E5A9F /* ChatAdapter.m */; };
		B5564C7B1D0936440008E5EA /* TabBarController.m in Sources */ = {isa = PBXBuildFile; fileRef = B5564C7A1D0936440008E5EA /* TabBarController.m */; };
		B5564C7E1D09378E0008E5EA /* NavigationController.m in Sources */ = {isa = PBXBuildFile; fileRef = B5564C7D1D09378E0008E5EA /* NavigationController.m */; };
		B5564C811D09387C0008E5EA /* HomeController.m in Sources */ = {isa = PBXBuildFile; fileRef = B5564C801D09387C0008E5EA /* HomeController.m */; };
		B5564C8D1D093C270008E5EA /* MeController.m in Sources */ = {isa = PBXBuildFile; fileRef = B5564C8C1D093C270008E5EA /* MeController.m */; };
		B5564C901D093C590008E5EA /* DiscoverController.m in Sources */ = {isa = PBXBuildFile; fileRef = B5564C8F1D093C590008E5EA /* DiscoverController.m */; };
		B5564C931D093C870008E5EA /* AddressBookController.m in Sources */ = {isa = PBXBuildFile; fileRef = B5564C921D093C870008E5EA /* AddressBookController.m */; };
		B5564C961D0940C20008E5EA /* MeView.m in Sources */ = {isa = PBXBuildFile; fileRef = B5564C951D0940C20008E5EA /* MeView.m */; };
		B5564C9A1D0954FC0008E5EA /* XMPPTool.m in Sources */ = {isa = PBXBuildFile; fileRef = B5564C991D0954FC0008E5EA /* XMPPTool.m */; };
		B5564CAA1D09A86C0008E5EA /* RegisterController.m in Sources */ = {isa = PBXBuildFile; fileRef = B5564CA91D09A86C0008E5EA /* RegisterController.m */; };
		B5564CAD1D09A9300008E5EA /* RegisterView.m in Sources */ = {isa = PBXBuildFile; fileRef = B5564CAC1D09A9300008E5EA /* RegisterView.m */; };
		B5564CB81D0AA2DF0008E5EA /* MBProgressHUD+HM.m in Sources */ = {isa = PBXBuildFile; fileRef = B5564CB41D0AA2DF0008E5EA /* MBProgressHUD+HM.m */; };
		B5564CB91D0AA2DF0008E5EA /* MBProgressHUD.bundle in Resources */ = {isa = PBXBuildFile; fileRef = B5564CB51D0AA2DF0008E5EA /* MBProgressHUD.bundle */; };
		B5564CBA1D0AA2DF0008E5EA /* MBProgressHUD.m in Sources */ = {isa = PBXBuildFile; fileRef = B5564CB71D0AA2DF0008E5EA /* MBProgressHUD.m */; };
		B5564CBD1D0AA64F0008E5EA /* ABCommonTools.m in Sources */ = {isa = PBXBuildFile; fileRef = B5564CBC1D0AA64F0008E5EA /* ABCommonTools.m */; };
		B5564CC11D0BA8920008E5EA /* AccountTool.m in Sources */ = {isa = PBXBuildFile; fileRef = B5564CC01D0BA8920008E5EA /* AccountTool.m */; };
		B5564CC41D0BE0ED0008E5EA /* CardCell.m in Sources */ = {isa = PBXBuildFile; fileRef = B5564CC31D0BE0ED0008E5EA /* CardCell.m */; };
		B5674E831D08152D004F888B /* main.m in Sources */ = {isa = PBXBuildFile; fileRef = B5674E821D08152D004F888B /* main.m */; };
		B5674E861D08152D004F888B /* AppDelegate.m in Sources */ = {isa = PBXBuildFile; fileRef = B5674E851D08152D004F888B /* AppDelegate.m */; };
		B5674E891D08152D004F888B /* ViewController.m in Sources */ = {isa = PBXBuildFile; fileRef = B5674E881D08152D004F888B /* ViewController.m */; };
		B5674E8E1D08152E004F888B /* Assets.xcassets in Resources */ = {isa = PBXBuildFile; fileRef = B5674E8D1D08152E004F888B /* Assets.xcassets */; };
		B5674E9C1D08152E004F888B /* HaveFriendsTests.m in Sources */ = {isa = PBXBuildFile; fileRef = B5674E9B1D08152E004F888B /* HaveFriendsTests.m */; };
		B5674EA71D08152E004F888B /* HaveFriendsUITests.m in Sources */ = {isa = PBXBuildFile; fileRef = B5674EA61D08152E004F888B /* HaveFriendsUITests.m */; };
		B5674EBC1D08EE0E004F888B /* LoginController.m in Sources */ = {isa = PBXBuildFile; fileRef = B5674EBB1D08EE0E004F888B /* LoginController.m */; };
		B5674EC11D08EF80004F888B /* LoginView.m in Sources */ = {isa = PBXBuildFile; fileRef = B5674EC01D08EF80004F888B /* LoginView.m */; };
		B5674EC51D08F32D004F888B /* UIView+Extension.m in Sources */ = {isa = PBXBuildFile; fileRef = B5674EC41D08F32D004F888B /* UIView+Extension.m */; };
/* End PBXBuildFile section */

/* Begin PBXContainerItemProxy section */
		B5674E981D08152E004F888B /* PBXContainerItemProxy */ = {
			isa = PBXContainerItemProxy;
			containerPortal = B5674E761D08152D004F888B /* Project object */;
			proxyType = 1;
			remoteGlobalIDString = B5674E7D1D08152D004F888B;
			remoteInfo = HaveFriends;
		};
		B5674EA31D08152E004F888B /* PBXContainerItemProxy */ = {
			isa = PBXContainerItemProxy;
			containerPortal = B5674E761D08152D004F888B /* Project object */;
			proxyType = 1;
			remoteGlobalIDString = B5674E7D1D08152D004F888B;
			remoteInfo = HaveFriends;
		};
/* End PBXContainerItemProxy section */

/* Begin PBXFileReference section */
		17DE2DBCA632ECF0245B8B5A /* Pods_HaveFriends.framework */ = {isa = PBXFileReference; explicitFileType = wrapper.framework; includeInIndex = 0; path = Pods_HaveFriends.framework; sourceTree = BUILT_PRODUCTS_DIR; };
		3A086D92855BD6E82CD71FC4 /* Pods-HaveFriends.debug.xcconfig */ = {isa = PBXFileReference; includeInIndex = 1; lastKnownFileType = text.xcconfig; name = "Pods-HaveFriends.debug.xcconfig"; path = "Pods/Target Support Files/Pods-HaveFriends/Pods-HaveFriends.debug.xcconfig"; sourceTree = "<group>"; };
		B51AF7A01D0C391F0062E530 /* XMPPUser.h */ = {isa = PBXFileReference; fileEncoding = 4; lastKnownFileType = sourcecode.c.h; path = XMPPUser.h; sourceTree = "<group>"; };
		B51AF7A11D0C391F0062E530 /* XMPPUser.m */ = {isa = PBXFileReference; fileEncoding = 4; lastKnownFileType = sourcecode.c.objc; path = XMPPUser.m; sourceTree = "<group>"; };
		B51AF7D31D0D3A8E0062E530 /* EditMessageController.h */ = {isa = PBXFileReference; fileEncoding = 4; lastKnownFileType = sourcecode.c.h; name = EditMessageController.h; path = ../Controller/EditMessageController.h; sourceTree = "<group>"; };
		B51AF7D41D0D3A8E0062E530 /* EditMessageController.m */ = {isa = PBXFileReference; fileEncoding = 4; lastKnownFileType = sourcecode.c.objc; name = EditMessageController.m; path = ../Controller/EditMessageController.m; sourceTree = "<group>"; };
		B51AF7D61D0D3D6B0062E530 /* EditMessageView.h */ = {isa = PBXFileReference; fileEncoding = 4; lastKnownFileType = sourcecode.c.h; name = EditMessageView.h; path = ../View/EditMessageView.h; sourceTree = "<group>"; };
		B51AF7D71D0D3D6B0062E530 /* EditMessageView.m */ = {isa = PBXFileReference; fileEncoding = 4; lastKnownFileType = sourcecode.c.objc; name = EditMessageView.m; path = ../View/EditMessageView.m; sourceTree = "<group>"; };
		B51AF7D91D0E5B0F0062E530 /* AddressBookView.h */ = {isa = PBXFileReference; fileEncoding = 4; lastKnownFileType = sourcecode.c.h; path = AddressBookView.h; sourceTree = "<group>"; };
		B51AF7DA1D0E5B0F0062E530 /* AddressBookView.m */ = {isa = PBXFileReference; fileEncoding = 4; lastKnownFileType = sourcecode.c.objc; path = AddressBookView.m; sourceTree = "<group>"; };
		B51AF7DC1D0E861C0062E530 /* AddFriendController.h */ = {isa = PBXFileReference; fileEncoding = 4; lastKnownFileType = sourcecode.c.h; name = AddFriendController.h; path = ../Controller/AddFriendController.h; sourceTree = "<group>"; };
		B51AF7DD1D0E861C0062E530 /* AddFriendController.m */ = {isa = PBXFileReference; fileEncoding = 4; lastKnownFileType = sourcecode.c.objc; name = AddFriendController.m; path = ../Controller/AddFriendController.m; sourceTree = "<group>"; };
		B51AF7DF1D0E86A40062E530 /* AddFriendView.h */ = {isa = PBXFileReference; fileEncoding = 4; lastKnownFileType = sourcecode.c.h; name = AddFriendView.h; path = ../View/AddFriendView.h; sourceTree = "<group>"; };
		B51AF7E01D0E86A40062E530 /* AddFriendView.m */ = {isa = PBXFileReference; fileEncoding = 4; lastKnownFileType = sourcecode.c.objc; name = AddFriendView.m; path = ../View/AddFriendView.m; sourceTree = "<group>"; };
		B51AF7E21D0E99240062E530 /* ChatController.h */ = {isa = PBXFileReference; fileEncoding = 4; lastKnownFileType = sourcecode.c.h; name = ChatController.h; path = ../Controller/ChatController.h; sourceTree = "<group>"; };
		B51AF7E31D0E99240062E530 /* ChatController.m */ = {isa = PBXFileReference; fileEncoding = 4; lastKnownFileType = sourcecode.c.objc; name = ChatController.m; path = ../Controller/ChatController.m; sourceTree = "<group>"; };
		B51AF7E51D0E99500062E530 /* ChatView.h */ = {isa = PBXFileReference; fileEncoding = 4; lastKnownFileType = sourcecode.c.h; name = ChatView.h; path = ../View/ChatView.h; sourceTree = "<group>"; };
		B51AF7E61D0E99500062E530 /* ChatView.m */ = {isa = PBXFileReference; fileEncoding = 4; lastKnownFileType = sourcecode.c.objc; name = ChatView.m; path = ../View/ChatView.m; sourceTree = "<group>"; };
		B531A3431D0FBDFC005E5A9F /* ChatCell.h */ = {isa = PBXFileReference; fileEncoding = 4; lastKnownFileType = sourcecode.c.h; name = ChatCell.h; path = ../View/ChatCell.h; sourceTree = "<group>"; };
		B531A3441D0FBDFC005E5A9F /* ChatCell.m */ = {isa = PBXFileReference; fileEncoding = 4; lastKnownFileType = sourcecode.c.objc; name = ChatCell.m; path = ../View/ChatCell.m; sourceTree = "<group>"; };
		B531A34D1D1127F2005E5A9F /* FriendsCell.h */ = {isa = PBXFileReference; fileEncoding = 4; lastKnownFileType = sourcecode.c.h; path = FriendsCell.h; sourceTree = "<group>"; };
		B531A34E1D1127F2005E5A9F /* FriendsCell.m */ = {isa = PBXFileReference; fileEncoding = 4; lastKnownFileType = sourcecode.c.objc; path = FriendsCell.m; sourceTree = "<group>"; };
		B531A3501D125B93005E5A9F /* UIImage+Extention.h */ = {isa = PBXFileReference; fileEncoding = 4; lastKnownFileType = sourcecode.c.h; path = "UIImage+Extention.h"; sourceTree = "<group>"; };
		B531A3511D125B93005E5A9F /* UIImage+Extention.m */ = {isa = PBXFileReference; fileEncoding = 4; lastKnownFileType = sourcecode.c.objc; path = "UIImage+Extention.m"; sourceTree = "<group>"; };
		B531A3AD1D16ABFB005E5A9F /* BKTableViewCell.h */ = {isa = PBXFileReference; fileEncoding = 4; lastKnownFileType = sourcecode.c.h; path = BKTableViewCell.h; sourceTree = "<group>"; };
		B531A3AE1D16ABFB005E5A9F /* BKTableViewCell.m */ = {isa = PBXFileReference; fileEncoding = 4; lastKnownFileType = sourcecode.c.objc; path = BKTableViewCell.m; sourceTree = "<group>"; };
		B531A3AF1D16ABFB005E5A9F /* BKTableView.h */ = {isa = PBXFileReference; fileEncoding = 4; lastKnownFileType = sourcecode.c.h; path = BKTableView.h; sourceTree = "<group>"; };
		B531A3B01D16ABFB005E5A9F /* BKTableView.m */ = {isa = PBXFileReference; fileEncoding = 4; lastKnownFileType = sourcecode.c.objc; path = BKTableView.m; sourceTree = "<group>"; };
		B531A3B11D16ABFB005E5A9F /* BKTableViewAdapter.h */ = {isa = PBXFileReference; fileEncoding = 4; lastKnownFileType = sourcecode.c.h; path = BKTableViewAdapter.h; sourceTree = "<group>"; };
		B531A3B21D16ABFB005E5A9F /* BKTableViewAdapter.m */ = {isa = PBXFileReference; fileEncoding = 4; lastKnownFileType = sourcecode.c.objc; path = BKTableViewAdapter.m; sourceTree = "<group>"; };
		B531A3B61D16AC6B005E5A9F /* UIColor+Hex.h */ = {isa = PBXFileReference; fileEncoding = 4; lastKnownFileType = sourcecode.c.h; path = "UIColor+Hex.h"; sourceTree = "<group>"; };
		B531A3B71D16AC6B005E5A9F /* UIColor+Hex.m */ = {isa = PBXFileReference; fileEncoding = 4; lastKnownFileType = sourcecode.c.objc; path = "UIColor+Hex.m"; sourceTree = "<group>"; };
		B531A3BE1D16C9E0005E5A9F /* PersonAdapter.h */ = {isa = PBXFileReference; fileEncoding = 4; lastKnownFileType = sourcecode.c.h; path = PersonAdapter.h; sourceTree = "<group>"; };
		B531A3BF1D16C9E0005E5A9F /* PersonAdapter.m */ = {isa = PBXFileReference; fileEncoding = 4; lastKnownFileType = sourcecode.c.objc; path = PersonAdapter.m; sourceTree = "<group>"; };
		B531A3C01D16C9E0005E5A9F /* PersonController.h */ = {isa = PBXFileReference; fileEncoding = 4; lastKnownFileType = sourcecode.c.h; path = PersonController.h; sourceTree = "<group>"; };
		B531A3C11D16C9E0005E5A9F /* PersonController.m */ = {isa = PBXFileReference; fileEncoding = 4; lastKnownFileType = sourcecode.c.objc; path = PersonController.m; sourceTree = "<group>"; };
		B531A3C41D16CA0A005E5A9F /* PersonView.h */ = {isa = PBXFileReference; fileEncoding = 4; lastKnownFileType = sourcecode.c.h; path = PersonView.h; sourceTree = "<group>"; };
		B531A3C51D16CA0A005E5A9F /* PersonView.m */ = {isa = PBXFileReference; fileEncoding = 4; lastKnownFileType = sourcecode.c.objc; path = PersonView.m; sourceTree = "<group>"; };
		B531A3CD1D16E0FA005E5A9F /* AddressAdapter.h */ = {isa = PBXFileReference; fileEncoding = 4; lastKnownFileType = sourcecode.c.h; path = AddressAdapter.h; sourceTree = "<group>"; };
		B531A3CE1D16E0FA005E5A9F /* AddressAdapter.m */ = {isa = PBXFileReference; fileEncoding = 4; lastKnownFileType = sourcecode.c.objc; path = AddressAdapter.m; sourceTree = "<group>"; };
		B531A3D01D17ADCA005E5A9F /* ChatAdapter.h */ = {isa = PBXFileReference; fileEncoding = 4; lastKnownFileType = sourcecode.c.h; path = ChatAdapter.h; sourceTree = "<group>"; };
		B531A3D11D17ADCA005E5A9F /* ChatAdapter.m */ = {isa = PBXFileReference; fileEncoding = 4; lastKnownFileType = sourcecode.c.objc; path = ChatAdapter.m; sourceTree = "<group>"; };
		B5564C791D0936440008E5EA /* TabBarController.h */ = {isa = PBXFileReference; fileEncoding = 4; lastKnownFileType = sourcecode.c.h; path = TabBarController.h; sourceTree = "<group>"; };
		B5564C7A1D0936440008E5EA /* TabBarController.m */ = {isa = PBXFileReference; fileEncoding = 4; lastKnownFileType = sourcecode.c.objc; path = TabBarController.m; sourceTree = "<group>"; };
		B5564C7C1D09378E0008E5EA /* NavigationController.h */ = {isa = PBXFileReference; fileEncoding = 4; lastKnownFileType = sourcecode.c.h; path = NavigationController.h; sourceTree = "<group>"; };
		B5564C7D1D09378E0008E5EA /* NavigationController.m */ = {isa = PBXFileReference; fileEncoding = 4; lastKnownFileType = sourcecode.c.objc; path = NavigationController.m; sourceTree = "<group>"; };
		B5564C7F1D09387C0008E5EA /* HomeController.h */ = {isa = PBXFileReference; fileEncoding = 4; lastKnownFileType = sourcecode.c.h; path = HomeController.h; sourceTree = "<group>"; };
		B5564C801D09387C0008E5EA /* HomeController.m */ = {isa = PBXFileReference; fileEncoding = 4; lastKnownFileType = sourcecode.c.objc; path = HomeController.m; sourceTree = "<group>"; };
		B5564C8B1D093C270008E5EA /* MeController.h */ = {isa = PBXFileReference; fileEncoding = 4; lastKnownFileType = sourcecode.c.h; path = MeController.h; sourceTree = "<group>"; };
		B5564C8C1D093C270008E5EA /* MeController.m */ = {isa = PBXFileReference; fileEncoding = 4; lastKnownFileType = sourcecode.c.objc; path = MeController.m; sourceTree = "<group>"; };
		B5564C8E1D093C590008E5EA /* DiscoverController.h */ = {isa = PBXFileReference; fileEncoding = 4; lastKnownFileType = sourcecode.c.h; path = DiscoverController.h; sourceTree = "<group>"; };
		B5564C8F1D093C590008E5EA /* DiscoverController.m */ = {isa = PBXFileReference; fileEncoding = 4; lastKnownFileType = sourcecode.c.objc; path = DiscoverController.m; sourceTree = "<group>"; };
		B5564C911D093C870008E5EA /* AddressBookController.h */ = {isa = PBXFileReference; fileEncoding = 4; lastKnownFileType = sourcecode.c.h; path = AddressBookController.h; sourceTree = "<group>"; };
		B5564C921D093C870008E5EA /* AddressBookController.m */ = {isa = PBXFileReference; fileEncoding = 4; lastKnownFileType = sourcecode.c.objc; path = AddressBookController.m; sourceTree = "<group>"; };
		B5564C941D0940C20008E5EA /* MeView.h */ = {isa = PBXFileReference; fileEncoding = 4; lastKnownFileType = sourcecode.c.h; path = MeView.h; sourceTree = "<group>"; };
		B5564C951D0940C20008E5EA /* MeView.m */ = {isa = PBXFileReference; fileEncoding = 4; lastKnownFileType = sourcecode.c.objc; path = MeView.m; sourceTree = "<group>"; };
		B5564C981D0954FC0008E5EA /* XMPPTool.h */ = {isa = PBXFileReference; fileEncoding = 4; lastKnownFileType = sourcecode.c.h; path = XMPPTool.h; sourceTree = "<group>"; };
		B5564C991D0954FC0008E5EA /* XMPPTool.m */ = {isa = PBXFileReference; fileEncoding = 4; lastKnownFileType = sourcecode.c.objc; path = XMPPTool.m; sourceTree = "<group>"; };
		B5564C9B1D09564F0008E5EA /* Singleton.h */ = {isa = PBXFileReference; fileEncoding = 4; lastKnownFileType = sourcecode.c.h; path = Singleton.h; sourceTree = "<group>"; };
		B5564CA81D09A86C0008E5EA /* RegisterController.h */ = {isa = PBXFileReference; fileEncoding = 4; lastKnownFileType = sourcecode.c.h; path = RegisterController.h; sourceTree = "<group>"; };
		B5564CA91D09A86C0008E5EA /* RegisterController.m */ = {isa = PBXFileReference; fileEncoding = 4; lastKnownFileType = sourcecode.c.objc; path = RegisterController.m; sourceTree = "<group>"; };
		B5564CAB1D09A9300008E5EA /* RegisterView.h */ = {isa = PBXFileReference; fileEncoding = 4; lastKnownFileType = sourcecode.c.h; path = RegisterView.h; sourceTree = "<group>"; };
		B5564CAC1D09A9300008E5EA /* RegisterView.m */ = {isa = PBXFileReference; fileEncoding = 4; lastKnownFileType = sourcecode.c.objc; path = RegisterView.m; sourceTree = "<group>"; };
		B5564CB31D0AA2DF0008E5EA /* MBProgressHUD+HM.h */ = {isa = PBXFileReference; fileEncoding = 4; lastKnownFileType = sourcecode.c.h; path = "MBProgressHUD+HM.h"; sourceTree = "<group>"; };
		B5564CB41D0AA2DF0008E5EA /* MBProgressHUD+HM.m */ = {isa = PBXFileReference; fileEncoding = 4; lastKnownFileType = sourcecode.c.objc; path = "MBProgressHUD+HM.m"; sourceTree = "<group>"; };
		B5564CB51D0AA2DF0008E5EA /* MBProgressHUD.bundle */ = {isa = PBXFileReference; lastKnownFileType = "wrapper.plug-in"; path = MBProgressHUD.bundle; sourceTree = "<group>"; };
		B5564CB61D0AA2DF0008E5EA /* MBProgressHUD.h */ = {isa = PBXFileReference; fileEncoding = 4; lastKnownFileType = sourcecode.c.h; path = MBProgressHUD.h; sourceTree = "<group>"; };
		B5564CB71D0AA2DF0008E5EA /* MBProgressHUD.m */ = {isa = PBXFileReference; fileEncoding = 4; lastKnownFileType = sourcecode.c.objc; path = MBProgressHUD.m; sourceTree = "<group>"; };
		B5564CBB1D0AA64F0008E5EA /* ABCommonTools.h */ = {isa = PBXFileReference; fileEncoding = 4; lastKnownFileType = sourcecode.c.h; path = ABCommonTools.h; sourceTree = "<group>"; };
		B5564CBC1D0AA64F0008E5EA /* ABCommonTools.m */ = {isa = PBXFileReference; fileEncoding = 4; lastKnownFileType = sourcecode.c.objc; path = ABCommonTools.m; sourceTree = "<group>"; };
		B5564CBF1D0BA8920008E5EA /* AccountTool.h */ = {isa = PBXFileReference; fileEncoding = 4; lastKnownFileType = sourcecode.c.h; path = AccountTool.h; sourceTree = "<group>"; };
		B5564CC01D0BA8920008E5EA /* AccountTool.m */ = {isa = PBXFileReference; fileEncoding = 4; lastKnownFileType = sourcecode.c.objc; path = AccountTool.m; sourceTree = "<group>"; };
		B5564CC21D0BE0ED0008E5EA /* CardCell.h */ = {isa = PBXFileReference; fileEncoding = 4; lastKnownFileType = sourcecode.c.h; path = CardCell.h; sourceTree = "<group>"; };
		B5564CC31D0BE0ED0008E5EA /* CardCell.m */ = {isa = PBXFileReference; fileEncoding = 4; lastKnownFileType = sourcecode.c.objc; path = CardCell.m; sourceTree = "<group>"; };
		B5674E7E1D08152D004F888B /* HaveFriends.app */ = {isa = PBXFileReference; explicitFileType = wrapper.application; includeInIndex = 0; path = HaveFriends.app; sourceTree = BUILT_PRODUCTS_DIR; };
		B5674E821D08152D004F888B /* main.m */ = {isa = PBXFileReference; lastKnownFileType = sourcecode.c.objc; path = main.m; sourceTree = "<group>"; };
		B5674E841D08152D004F888B /* AppDelegate.h */ = {isa = PBXFileReference; lastKnownFileType = sourcecode.c.h; name = AppDelegate.h; path = ../../AppDelegate.h; sourceTree = "<group>"; };
		B5674E851D08152D004F888B /* AppDelegate.m */ = {isa = PBXFileReference; lastKnownFileType = sourcecode.c.objc; name = AppDelegate.m; path = ../../AppDelegate.m; sourceTree = "<group>"; };
		B5674E871D08152D004F888B /* ViewController.h */ = {isa = PBXFileReference; lastKnownFileType = sourcecode.c.h; name = ViewController.h; path = ../../ViewController.h; sourceTree = "<group>"; };
		B5674E881D08152D004F888B /* ViewController.m */ = {isa = PBXFileReference; lastKnownFileType = sourcecode.c.objc; name = ViewController.m; path = ../../ViewController.m; sourceTree = "<group>"; };
		B5674E8D1D08152E004F888B /* Assets.xcassets */ = {isa = PBXFileReference; lastKnownFileType = folder.assetcatalog; path = Assets.xcassets; sourceTree = "<group>"; };
		B5674E921D08152E004F888B /* Info.plist */ = {isa = PBXFileReference; lastKnownFileType = text.plist.xml; path = Info.plist; sourceTree = "<group>"; };
		B5674E971D08152E004F888B /* HaveFriendsTests.xctest */ = {isa = PBXFileReference; explicitFileType = wrapper.cfbundle; includeInIndex = 0; path = HaveFriendsTests.xctest; sourceTree = BUILT_PRODUCTS_DIR; };
		B5674E9B1D08152E004F888B /* HaveFriendsTests.m */ = {isa = PBXFileReference; lastKnownFileType = sourcecode.c.objc; path = HaveFriendsTests.m; sourceTree = "<group>"; };
		B5674E9D1D08152E004F888B /* Info.plist */ = {isa = PBXFileReference; lastKnownFileType = text.plist.xml; path = Info.plist; sourceTree = "<group>"; };
		B5674EA21D08152E004F888B /* HaveFriendsUITests.xctest */ = {isa = PBXFileReference; explicitFileType = wrapper.cfbundle; includeInIndex = 0; path = HaveFriendsUITests.xctest; sourceTree = BUILT_PRODUCTS_DIR; };
		B5674EA61D08152E004F888B /* HaveFriendsUITests.m */ = {isa = PBXFileReference; lastKnownFileType = sourcecode.c.objc; path = HaveFriendsUITests.m; sourceTree = "<group>"; };
		B5674EA81D08152E004F888B /* Info.plist */ = {isa = PBXFileReference; lastKnownFileType = text.plist.xml; path = Info.plist; sourceTree = "<group>"; };
		B5674EB81D0820AE004F888B /* HaveFriends.pch */ = {isa = PBXFileReference; lastKnownFileType = sourcecode.c.h; path = HaveFriends.pch; sourceTree = "<group>"; };
		B5674EBA1D08EE0E004F888B /* LoginController.h */ = {isa = PBXFileReference; fileEncoding = 4; lastKnownFileType = sourcecode.c.h; name = LoginController.h; path = ../LoginController.h; sourceTree = "<group>"; };
		B5674EBB1D08EE0E004F888B /* LoginController.m */ = {isa = PBXFileReference; fileEncoding = 4; lastKnownFileType = sourcecode.c.objc; name = LoginController.m; path = ../LoginController.m; sourceTree = "<group>"; };
		B5674EBF1D08EF80004F888B /* LoginView.h */ = {isa = PBXFileReference; fileEncoding = 4; lastKnownFileType = sourcecode.c.h; path = LoginView.h; sourceTree = "<group>"; };
		B5674EC01D08EF80004F888B /* LoginView.m */ = {isa = PBXFileReference; fileEncoding = 4; lastKnownFileType = sourcecode.c.objc; path = LoginView.m; sourceTree = "<group>"; };
		B5674EC31D08F32D004F888B /* UIView+Extension.h */ = {isa = PBXFileReference; fileEncoding = 4; lastKnownFileType = sourcecode.c.h; path = "UIView+Extension.h"; sourceTree = "<group>"; };
		B5674EC41D08F32D004F888B /* UIView+Extension.m */ = {isa = PBXFileReference; fileEncoding = 4; lastKnownFileType = sourcecode.c.objc; path = "UIView+Extension.m"; sourceTree = "<group>"; };
		E2C030723F9E2516CD481C78 /* Pods-HaveFriends.release.xcconfig */ = {isa = PBXFileReference; includeInIndex = 1; lastKnownFileType = text.xcconfig; name = "Pods-HaveFriends.release.xcconfig"; path = "Pods/Target Support Files/Pods-HaveFriends/Pods-HaveFriends.release.xcconfig"; sourceTree = "<group>"; };
/* End PBXFileReference section */

/* Begin PBXFrameworksBuildPhase section */
		B5674E7B1D08152D004F888B /* Frameworks */ = {
			isa = PBXFrameworksBuildPhase;
			buildActionMask = 2147483647;
			files = (
				1BD7CB795FF1293092D94E77 /* Pods_HaveFriends.framework in Frameworks */,
			);
			runOnlyForDeploymentPostprocessing = 0;
		};
		B5674E941D08152E004F888B /* Frameworks */ = {
			isa = PBXFrameworksBuildPhase;
			buildActionMask = 2147483647;
			files = (
			);
			runOnlyForDeploymentPostprocessing = 0;
		};
		B5674E9F1D08152E004F888B /* Frameworks */ = {
			isa = PBXFrameworksBuildPhase;
			buildActionMask = 2147483647;
			files = (
			);
			runOnlyForDeploymentPostprocessing = 0;
		};
/* End PBXFrameworksBuildPhase section */

/* Begin PBXGroup section */
		6BE57BF271F22DDAD1047470 /* Frameworks */ = {
			isa = PBXGroup;
			children = (
				17DE2DBCA632ECF0245B8B5A /* Pods_HaveFriends.framework */,
			);
			name = Frameworks;
			sourceTree = "<group>";
		};
		B531A3AB1D16ABAA005E5A9F /* Base */ = {
			isa = PBXGroup;
			children = (
				B531A3AC1D16ABC7005E5A9F /* BKTableView */,
			);
			path = Base;
			sourceTree = "<group>";
		};
		B531A3AC1D16ABC7005E5A9F /* BKTableView */ = {
			isa = PBXGroup;
			children = (
				B531A3AD1D16ABFB005E5A9F /* BKTableViewCell.h */,
				B531A3AE1D16ABFB005E5A9F /* BKTableViewCell.m */,
				B531A3AF1D16ABFB005E5A9F /* BKTableView.h */,
				B531A3B01D16ABFB005E5A9F /* BKTableView.m */,
				B531A3B11D16ABFB005E5A9F /* BKTableViewAdapter.h */,
				B531A3B21D16ABFB005E5A9F /* BKTableViewAdapter.m */,
			);
			path = BKTableView;
			sourceTree = "<group>";
		};
		B531A3BD1D16C901005E5A9F /* Person */ = {
			isa = PBXGroup;
			children = (
				B531A3C01D16C9E0005E5A9F /* PersonController.h */,
				B531A3C11D16C9E0005E5A9F /* PersonController.m */,
				B531A3BE1D16C9E0005E5A9F /* PersonAdapter.h */,
				B531A3BF1D16C9E0005E5A9F /* PersonAdapter.m */,
				B531A3C41D16CA0A005E5A9F /* PersonView.h */,
				B531A3C51D16CA0A005E5A9F /* PersonView.m */,
			);
			path = Person;
			sourceTree = "<group>";
		};
		B531A3C71D16CA50005E5A9F /* EditMessage */ = {
			isa = PBXGroup;
			children = (
				B51AF7D31D0D3A8E0062E530 /* EditMessageController.h */,
				B51AF7D41D0D3A8E0062E530 /* EditMessageController.m */,
				B51AF7D61D0D3D6B0062E530 /* EditMessageView.h */,
				B51AF7D71D0D3D6B0062E530 /* EditMessageView.m */,
			);
			path = EditMessage;
			sourceTree = "<group>";
		};
		B531A3CB1D16DE9B005E5A9F /* Chat */ = {
			isa = PBXGroup;
			children = (
				B51AF7E21D0E99240062E530 /* ChatController.h */,
				B51AF7E31D0E99240062E530 /* ChatController.m */,
				B531A3D01D17ADCA005E5A9F /* ChatAdapter.h */,
				B531A3D11D17ADCA005E5A9F /* ChatAdapter.m */,
				B51AF7E51D0E99500062E530 /* ChatView.h */,
				B51AF7E61D0E99500062E530 /* ChatView.m */,
				B531A3431D0FBDFC005E5A9F /* ChatCell.h */,
				B531A3441D0FBDFC005E5A9F /* ChatCell.m */,
			);
			path = Chat;
			sourceTree = "<group>";
		};
		B531A3CC1D16DECA005E5A9F /* AddFrinds */ = {
			isa = PBXGroup;
			children = (
				B51AF7DC1D0E861C0062E530 /* AddFriendController.h */,
				B51AF7DD1D0E861C0062E530 /* AddFriendController.m */,
				B51AF7DF1D0E86A40062E530 /* AddFriendView.h */,
				B51AF7E01D0E86A40062E530 /* AddFriendView.m */,
			);
			path = AddFrinds;
			sourceTree = "<group>";
		};
		B5564C721D0908FA0008E5EA /* Controller */ = {
			isa = PBXGroup;
			children = (
				B5564C7F1D09387C0008E5EA /* HomeController.h */,
				B5564C801D09387C0008E5EA /* HomeController.m */,
			);
			path = Controller;
			sourceTree = "<group>";
		};
		B5564C731D0909100008E5EA /* View */ = {
			isa = PBXGroup;
			children = (
			);
			path = View;
			sourceTree = "<group>";
		};
		B5564C741D0917D40008E5EA /* Utlity */ = {
			isa = PBXGroup;
			children = (
				B5564C751D09184D0008E5EA /* Tool */,
			);
			path = Utlity;
			sourceTree = "<group>";
		};
		B5564C751D09184D0008E5EA /* Tool */ = {
			isa = PBXGroup;
			children = (
			);
			name = Tool;
			sourceTree = "<group>";
		};
		B5564C821D093AF90008E5EA /* AddressBook */ = {
			isa = PBXGroup;
			children = (
				B5564C841D093B300008E5EA /* Controller */,
				B5564C831D093B280008E5EA /* View */,
				B531A3CC1D16DECA005E5A9F /* AddFrinds */,
				B531A3CB1D16DE9B005E5A9F /* Chat */,
			);
			path = AddressBook;
			sourceTree = "<group>";
		};
		B5564C831D093B280008E5EA /* View */ = {
			isa = PBXGroup;
			children = (
				B51AF7D91D0E5B0F0062E530 /* AddressBookView.h */,
				B51AF7DA1D0E5B0F0062E530 /* AddressBookView.m */,
				B531A3CD1D16E0FA005E5A9F /* AddressAdapter.h */,
				B531A3CE1D16E0FA005E5A9F /* AddressAdapter.m */,
				B531A34D1D1127F2005E5A9F /* FriendsCell.h */,
				B531A34E1D1127F2005E5A9F /* FriendsCell.m */,
			);
			path = View;
			sourceTree = "<group>";
		};
		B5564C841D093B300008E5EA /* Controller */ = {
			isa = PBXGroup;
			children = (
				B5564C911D093C870008E5EA /* AddressBookController.h */,
				B5564C921D093C870008E5EA /* AddressBookController.m */,
			);
			path = Controller;
			sourceTree = "<group>";
		};
		B5564C851D093B790008E5EA /* Discover */ = {
			isa = PBXGroup;
			children = (
				B5564C871D093BA10008E5EA /* Controller */,
				B5564C861D093B8E0008E5EA /* View */,
			);
			path = Discover;
			sourceTree = "<group>";
		};
		B5564C861D093B8E0008E5EA /* View */ = {
			isa = PBXGroup;
			children = (
			);
			path = View;
			sourceTree = "<group>";
		};
		B5564C871D093BA10008E5EA /* Controller */ = {
			isa = PBXGroup;
			children = (
				B5564C8E1D093C590008E5EA /* DiscoverController.h */,
				B5564C8F1D093C590008E5EA /* DiscoverController.m */,
			);
			path = Controller;
			sourceTree = "<group>";
		};
		B5564C881D093BC80008E5EA /* Me */ = {
			isa = PBXGroup;
			children = (
				B5564C8A1D093C070008E5EA /* Controller */,
				B5564C891D093BF30008E5EA /* View */,
				B531A3BD1D16C901005E5A9F /* Person */,
				B531A3C71D16CA50005E5A9F /* EditMessage */,
			);
			path = Me;
			sourceTree = "<group>";
		};
		B5564C891D093BF30008E5EA /* View */ = {
			isa = PBXGroup;
			children = (
				B5564C941D0940C20008E5EA /* MeView.h */,
				B5564C951D0940C20008E5EA /* MeView.m */,
				B5564CC21D0BE0ED0008E5EA /* CardCell.h */,
				B5564CC31D0BE0ED0008E5EA /* CardCell.m */,
			);
			path = View;
			sourceTree = "<group>";
		};
		B5564C8A1D093C070008E5EA /* Controller */ = {
			isa = PBXGroup;
			children = (
				B5564C8B1D093C270008E5EA /* MeController.h */,
				B5564C8C1D093C270008E5EA /* MeController.m */,
			);
			path = Controller;
			sourceTree = "<group>";
		};
		B5564C971D0954CE0008E5EA /* Tool */ = {
			isa = PBXGroup;
			children = (
				B5564C9B1D09564F0008E5EA /* Singleton.h */,
				B5564C981D0954FC0008E5EA /* XMPPTool.h */,
				B5564C991D0954FC0008E5EA /* XMPPTool.m */,
				B5564CBF1D0BA8920008E5EA /* AccountTool.h */,
				B5564CC01D0BA8920008E5EA /* AccountTool.m */,
				B51AF7A01D0C391F0062E530 /* XMPPUser.h */,
				B51AF7A11D0C391F0062E530 /* XMPPUser.m */,
			);
			path = Tool;
			sourceTree = "<group>";
		};
		B5564CA51D09A7FB0008E5EA /* Register */ = {
			isa = PBXGroup;
			children = (
				B5564CA71D09A83A0008E5EA /* Controller */,
				B5564CA61D09A8250008E5EA /* View */,
			);
			path = Register;
			sourceTree = "<group>";
		};
		B5564CA61D09A8250008E5EA /* View */ = {
			isa = PBXGroup;
			children = (
				B5564CAB1D09A9300008E5EA /* RegisterView.h */,
				B5564CAC1D09A9300008E5EA /* RegisterView.m */,
			);
			path = View;
			sourceTree = "<group>";
		};
		B5564CA71D09A83A0008E5EA /* Controller */ = {
			isa = PBXGroup;
			children = (
				B5564CA81D09A86C0008E5EA /* RegisterController.h */,
				B5564CA91D09A86C0008E5EA /* RegisterController.m */,
			);
			path = Controller;
			sourceTree = "<group>";
		};
		B5564CAE1D0A7C9E0008E5EA /* Lib */ = {
			isa = PBXGroup;
			children = (
				B5564CBB1D0AA64F0008E5EA /* ABCommonTools.h */,
				B5564CBC1D0AA64F0008E5EA /* ABCommonTools.m */,
				B5564CB21D0AA2DF0008E5EA /* MBProgessHUD */,
			);
			path = Lib;
			sourceTree = "<group>";
		};
		B5564CB21D0AA2DF0008E5EA /* MBProgessHUD */ = {
			isa = PBXGroup;
			children = (
				B5564CB31D0AA2DF0008E5EA /* MBProgressHUD+HM.h */,
				B5564CB41D0AA2DF0008E5EA /* MBProgressHUD+HM.m */,
				B5564CB51D0AA2DF0008E5EA /* MBProgressHUD.bundle */,
				B5564CB61D0AA2DF0008E5EA /* MBProgressHUD.h */,
				B5564CB71D0AA2DF0008E5EA /* MBProgressHUD.m */,
			);
			path = MBProgessHUD;
			sourceTree = "<group>";
		};
		B5674E751D08152D004F888B = {
			isa = PBXGroup;
			children = (
				B5674E801D08152D004F888B /* HaveFriends */,
				B5674E9A1D08152E004F888B /* HaveFriendsTests */,
				B5674EA51D08152E004F888B /* HaveFriendsUITests */,
				B5674E7F1D08152D004F888B /* Products */,
				BB310B873371F601C1F7935C /* Pods */,
				6BE57BF271F22DDAD1047470 /* Frameworks */,
			);
			sourceTree = "<group>";
		};
		B5674E7F1D08152D004F888B /* Products */ = {
			isa = PBXGroup;
			children = (
				B5674E7E1D08152D004F888B /* HaveFriends.app */,
				B5674E971D08152E004F888B /* HaveFriendsTests.xctest */,
				B5674EA21D08152E004F888B /* HaveFriendsUITests.xctest */,
			);
			name = Products;
			sourceTree = "<group>";
		};
		B5674E801D08152D004F888B /* HaveFriends */ = {
			isa = PBXGroup;
			children = (
				B5674EB41D081B78004F888B /* Classes */,
				B5674E8D1D08152E004F888B /* Assets.xcassets */,
				B5674E921D08152E004F888B /* Info.plist */,
				B5674E811D08152D004F888B /* Supporting Files */,
			);
			path = HaveFriends;
			sourceTree = "<group>";
		};
		B5674E811D08152D004F888B /* Supporting Files */ = {
			isa = PBXGroup;
			children = (
				B5674E821D08152D004F888B /* main.m */,
				B5674EB81D0820AE004F888B /* HaveFriends.pch */,
			);
			name = "Supporting Files";
			sourceTree = "<group>";
		};
		B5674E9A1D08152E004F888B /* HaveFriendsTests */ = {
			isa = PBXGroup;
			children = (
				B5674E9B1D08152E004F888B /* HaveFriendsTests.m */,
				B5674E9D1D08152E004F888B /* Info.plist */,
			);
			path = HaveFriendsTests;
			sourceTree = "<group>";
		};
		B5674EA51D08152E004F888B /* HaveFriendsUITests */ = {
			isa = PBXGroup;
			children = (
				B5674EA61D08152E004F888B /* HaveFriendsUITests.m */,
				B5674EA81D08152E004F888B /* Info.plist */,
			);
			path = HaveFriendsUITests;
			sourceTree = "<group>";
		};
		B5674EB41D081B78004F888B /* Classes */ = {
			isa = PBXGroup;
			children = (
				B531A3AB1D16ABAA005E5A9F /* Base */,
				B5564CAE1D0A7C9E0008E5EA /* Lib */,
				B5564C741D0917D40008E5EA /* Utlity */,
				B5674EC21D08F2F3004F888B /* Category */,
				B5564CA51D09A7FB0008E5EA /* Register */,
				B5674EB91D08EDAA004F888B /* Login */,
				B5674EB71D082028004F888B /* Home */,
				B5564C821D093AF90008E5EA /* AddressBook */,
				B5564C851D093B790008E5EA /* Discover */,
				B5564C881D093BC80008E5EA /* Me */,
				B5674EB61D081BAF004F888B /* Others */,
				B5674EB51D081BA8004F888B /* Main */,
			);
			path = Classes;
			sourceTree = "<group>";
		};
		B5674EB51D081BA8004F888B /* Main */ = {
			isa = PBXGroup;
			children = (
				B5564C971D0954CE0008E5EA /* Tool */,
				B5564C791D0936440008E5EA /* TabBarController.h */,
				B5564C7A1D0936440008E5EA /* TabBarController.m */,
				B5564C7C1D09378E0008E5EA /* NavigationController.h */,
				B5564C7D1D09378E0008E5EA /* NavigationController.m */,
			);
			path = Main;
			sourceTree = "<group>";
		};
		B5674EB61D081BAF004F888B /* Others */ = {
			isa = PBXGroup;
			children = (
				B5674E841D08152D004F888B /* AppDelegate.h */,
				B5674E851D08152D004F888B /* AppDelegate.m */,
				B5674E871D08152D004F888B /* ViewController.h */,
				B5674E881D08152D004F888B /* ViewController.m */,
			);
			path = Others;
			sourceTree = "<group>";
		};
		B5674EB71D082028004F888B /* Home */ = {
			isa = PBXGroup;
			children = (
				B5564C731D0909100008E5EA /* View */,
				B5564C721D0908FA0008E5EA /* Controller */,
			);
			path = Home;
			sourceTree = "<group>";
		};
		B5674EB91D08EDAA004F888B /* Login */ = {
			isa = PBXGroup;
			children = (
				B5674EBE1D08EF33004F888B /* View */,
				B5674EBD1D08EF20004F888B /* Controller */,
			);
			path = Login;
			sourceTree = "<group>";
		};
		B5674EBD1D08EF20004F888B /* Controller */ = {
			isa = PBXGroup;
			children = (
				B5674EBA1D08EE0E004F888B /* LoginController.h */,
				B5674EBB1D08EE0E004F888B /* LoginController.m */,
			);
			path = Controller;
			sourceTree = "<group>";
		};
		B5674EBE1D08EF33004F888B /* View */ = {
			isa = PBXGroup;
			children = (
				B5674EBF1D08EF80004F888B /* LoginView.h */,
				B5674EC01D08EF80004F888B /* LoginView.m */,
			);
			path = View;
			sourceTree = "<group>";
		};
		B5674EC21D08F2F3004F888B /* Category */ = {
			isa = PBXGroup;
			children = (
				B5674EC31D08F32D004F888B /* UIView+Extension.h */,
				B5674EC41D08F32D004F888B /* UIView+Extension.m */,
				B531A3501D125B93005E5A9F /* UIImage+Extention.h */,
				B531A3511D125B93005E5A9F /* UIImage+Extention.m */,
				B531A3B61D16AC6B005E5A9F /* UIColor+Hex.h */,
				B531A3B71D16AC6B005E5A9F /* UIColor+Hex.m */,
			);
			path = Category;
			sourceTree = "<group>";
		};
		BB310B873371F601C1F7935C /* Pods */ = {
			isa = PBXGroup;
			children = (
				3A086D92855BD6E82CD71FC4 /* Pods-HaveFriends.debug.xcconfig */,
				E2C030723F9E2516CD481C78 /* Pods-HaveFriends.release.xcconfig */,
			);
			name = Pods;
			sourceTree = "<group>";
		};
/* End PBXGroup section */

/* Begin PBXNativeTarget section */
		B5674E7D1D08152D004F888B /* HaveFriends */ = {
			isa = PBXNativeTarget;
			buildConfigurationList = B5674EAB1D08152E004F888B /* Build configuration list for PBXNativeTarget "HaveFriends" */;
			buildPhases = (
				48265A5347466AFC8E4CD3A2 /* Check Pods Manifest.lock */,
				B5674E7A1D08152D004F888B /* Sources */,
				B5674E7B1D08152D004F888B /* Frameworks */,
				B5674E7C1D08152D004F888B /* Resources */,
				3FB7A61A9FAFF265C3E18B62 /* Embed Pods Frameworks */,
				131D3AC5BA6E29F9FFC4EFFB /* Copy Pods Resources */,
			);
			buildRules = (
			);
			dependencies = (
			);
			name = HaveFriends;
			productName = HaveFriends;
			productReference = B5674E7E1D08152D004F888B /* HaveFriends.app */;
			productType = "com.apple.product-type.application";
		};
		B5674E961D08152E004F888B /* HaveFriendsTests */ = {
			isa = PBXNativeTarget;
			buildConfigurationList = B5674EAE1D08152E004F888B /* Build configuration list for PBXNativeTarget "HaveFriendsTests" */;
			buildPhases = (
				B5674E931D08152E004F888B /* Sources */,
				B5674E941D08152E004F888B /* Frameworks */,
				B5674E951D08152E004F888B /* Resources */,
			);
			buildRules = (
			);
			dependencies = (
				B5674E991D08152E004F888B /* PBXTargetDependency */,
			);
			name = HaveFriendsTests;
			productName = HaveFriendsTests;
			productReference = B5674E971D08152E004F888B /* HaveFriendsTests.xctest */;
			productType = "com.apple.product-type.bundle.unit-test";
		};
		B5674EA11D08152E004F888B /* HaveFriendsUITests */ = {
			isa = PBXNativeTarget;
			buildConfigurationList = B5674EB11D08152E004F888B /* Build configuration list for PBXNativeTarget "HaveFriendsUITests" */;
			buildPhases = (
				B5674E9E1D08152E004F888B /* Sources */,
				B5674E9F1D08152E004F888B /* Frameworks */,
				B5674EA01D08152E004F888B /* Resources */,
			);
			buildRules = (
			);
			dependencies = (
				B5674EA41D08152E004F888B /* PBXTargetDependency */,
			);
			name = HaveFriendsUITests;
			productName = HaveFriendsUITests;
			productReference = B5674EA21D08152E004F888B /* HaveFriendsUITests.xctest */;
			productType = "com.apple.product-type.bundle.ui-testing";
		};
/* End PBXNativeTarget section */

/* Begin PBXProject section */
		B5674E761D08152D004F888B /* Project object */ = {
			isa = PBXProject;
			attributes = {
				LastUpgradeCheck = 0730;
				ORGANIZATIONNAME = lxx;
				TargetAttributes = {
					B5674E7D1D08152D004F888B = {
						CreatedOnToolsVersion = 7.3.1;
						DevelopmentTeam = 3HXKSU38SD;
					};
					B5674E961D08152E004F888B = {
						CreatedOnToolsVersion = 7.3.1;
						DevelopmentTeam = 3HXKSU38SD;
						TestTargetID = B5674E7D1D08152D004F888B;
					};
					B5674EA11D08152E004F888B = {
						CreatedOnToolsVersion = 7.3.1;
						DevelopmentTeam = 3HXKSU38SD;
						TestTargetID = B5674E7D1D08152D004F888B;
					};
				};
			};
			buildConfigurationList = B5674E791D08152D004F888B /* Build configuration list for PBXProject "HaveFriends" */;
			compatibilityVersion = "Xcode 3.2";
			developmentRegion = English;
			hasScannedForEncodings = 0;
			knownRegions = (
				en,
				Base,
			);
			mainGroup = B5674E751D08152D004F888B;
			productRefGroup = B5674E7F1D08152D004F888B /* Products */;
			projectDirPath = "";
			projectRoot = "";
			targets = (
				B5674E7D1D08152D004F888B /* HaveFriends */,
				B5674E961D08152E004F888B /* HaveFriendsTests */,
				B5674EA11D08152E004F888B /* HaveFriendsUITests */,
			);
		};
/* End PBXProject section */

/* Begin PBXResourcesBuildPhase section */
		B5674E7C1D08152D004F888B /* Resources */ = {
			isa = PBXResourcesBuildPhase;
			buildActionMask = 2147483647;
			files = (
				B5674E8E1D08152E004F888B /* Assets.xcassets in Resources */,
				B5564CB91D0AA2DF0008E5EA /* MBProgressHUD.bundle in Resources */,
			);
			runOnlyForDeploymentPostprocessing = 0;
		};
		B5674E951D08152E004F888B /* Resources */ = {
			isa = PBXResourcesBuildPhase;
			buildActionMask = 2147483647;
			files = (
			);
			runOnlyForDeploymentPostprocessing = 0;
		};
		B5674EA01D08152E004F888B /* Resources */ = {
			isa = PBXResourcesBuildPhase;
			buildActionMask = 2147483647;
			files = (
			);
			runOnlyForDeploymentPostprocessing = 0;
		};
/* End PBXResourcesBuildPhase section */

/* Begin PBXShellScriptBuildPhase section */
		131D3AC5BA6E29F9FFC4EFFB /* Copy Pods Resources */ = {
			isa = PBXShellScriptBuildPhase;
			buildActionMask = 2147483647;
			files = (
			);
			inputPaths = (
			);
			name = "Copy Pods Resources";
			outputPaths = (
			);
			runOnlyForDeploymentPostprocessing = 0;
			shellPath = /bin/sh;
			shellScript = "\"${SRCROOT}/Pods/Target Support Files/Pods-HaveFriends/Pods-HaveFriends-resources.sh\"\n";
			showEnvVarsInLog = 0;
		};
		3FB7A61A9FAFF265C3E18B62 /* Embed Pods Frameworks */ = {
			isa = PBXShellScriptBuildPhase;
			buildActionMask = 2147483647;
			files = (
			);
			inputPaths = (
			);
			name = "Embed Pods Frameworks";
			outputPaths = (
			);
			runOnlyForDeploymentPostprocessing = 0;
			shellPath = /bin/sh;
			shellScript = "\"${SRCROOT}/Pods/Target Support Files/Pods-HaveFriends/Pods-HaveFriends-frameworks.sh\"\n";
			showEnvVarsInLog = 0;
		};
		48265A5347466AFC8E4CD3A2 /* Check Pods Manifest.lock */ = {
			isa = PBXShellScriptBuildPhase;
			buildActionMask = 2147483647;
			files = (
			);
			inputPaths = (
			);
			name = "Check Pods Manifest.lock";
			outputPaths = (
			);
			runOnlyForDeploymentPostprocessing = 0;
			shellPath = /bin/sh;
			shellScript = "diff \"${PODS_ROOT}/../Podfile.lock\" \"${PODS_ROOT}/Manifest.lock\" > /dev/null\nif [[ $? != 0 ]] ; then\n    cat << EOM\nerror: The sandbox is not in sync with the Podfile.lock. Run 'pod install' or update your CocoaPods installation.\nEOM\n    exit 1\nfi\n";
			showEnvVarsInLog = 0;
		};
/* End PBXShellScriptBuildPhase section */

/* Begin PBXSourcesBuildPhase section */
		B5674E7A1D08152D004F888B /* Sources */ = {
			isa = PBXSourcesBuildPhase;
			buildActionMask = 2147483647;
			files = (
				B5674EC51D08F32D004F888B /* UIView+Extension.m in Sources */,
				B531A3C61D16CA0A005E5A9F /* PersonView.m in Sources */,
				B531A3CF1D16E0FA005E5A9F /* AddressAdapter.m in Sources */,
				B531A3B81D16AC6B005E5A9F /* UIColor+Hex.m in Sources */,
				B531A3C21D16C9E0005E5A9F /* PersonAdapter.m in Sources */,
				B51AF7E11D0E86A40062E530 /* AddFriendView.m in Sources */,
				B5564C9A1D0954FC0008E5EA /* XMPPTool.m in Sources */,
				B531A3B51D16ABFB005E5A9F /* BKTableViewAdapter.m in Sources */,
				B51AF7E41D0E99240062E530 /* ChatController.m in Sources */,
				B5674E891D08152D004F888B /* ViewController.m in Sources */,
				B531A3451D0FBDFC005E5A9F /* ChatCell.m in Sources */,
				B51AF7E71D0E99500062E530 /* ChatView.m in Sources */,
				B531A3B41D16ABFB005E5A9F /* BKTableView.m in Sources */,
				B5674EBC1D08EE0E004F888B /* LoginController.m in Sources */,
				B5564CB81D0AA2DF0008E5EA /* MBProgressHUD+HM.m in Sources */,
				B531A3B31D16ABFB005E5A9F /* BKTableViewCell.m in Sources */,
				B51AF7DB1D0E5B0F0062E530 /* AddressBookView.m in Sources */,
				B5564C7E1D09378E0008E5EA /* NavigationController.m in Sources */,
				B5674E861D08152D004F888B /* AppDelegate.m in Sources */,
				B5564C931D093C870008E5EA /* AddressBookController.m in Sources */,
				B51AF7A21D0C391F0062E530 /* XMPPUser.m in Sources */,
				B5564C8D1D093C270008E5EA /* MeController.m in Sources */,
				B531A34F1D1127F2005E5A9F /* FriendsCell.m in Sources */,
				B5564CAA1D09A86C0008E5EA /* RegisterController.m in Sources */,
				B531A3C31D16C9E0005E5A9F /* PersonController.m in Sources */,
				B531A3521D125B93005E5A9F /* UIImage+Extention.m in Sources */,
				B51AF7D81D0D3D6B0062E530 /* EditMessageView.m in Sources */,
				B5564C901D093C590008E5EA /* DiscoverController.m in Sources */,
				B5564C961D0940C20008E5EA /* MeView.m in Sources */,
				B5674EC11D08EF80004F888B /* LoginView.m in Sources */,
				B5564CBA1D0AA2DF0008E5EA /* MBProgressHUD.m in Sources */,
				B5564CBD1D0AA64F0008E5EA /* ABCommonTools.m in Sources */,
				B51AF7D51D0D3A8E0062E530 /* EditMessageController.m in Sources */,
				B5564CC41D0BE0ED0008E5EA /* CardCell.m in Sources */,
				B5564CC11D0BA8920008E5EA /* AccountTool.m in Sources */,
				B531A3D21D17ADCA005E5A9F /* ChatAdapter.m in Sources */,
				B5564C7B1D0936440008E5EA /* TabBarController.m in Sources */,
				B5564C811D09387C0008E5EA /* HomeController.m in Sources */,
				B5674E831D08152D004F888B /* main.m in Sources */,
				B51AF7DE1D0E861C0062E530 /* AddFriendController.m in Sources */,
				B5564CAD1D09A9300008E5EA /* RegisterView.m in Sources */,
			);
			runOnlyForDeploymentPostprocessing = 0;
		};
		B5674E931D08152E004F888B /* Sources */ = {
			isa = PBXSourcesBuildPhase;
			buildActionMask = 2147483647;
			files = (
				B5674E9C1D08152E004F888B /* HaveFriendsTests.m in Sources */,
			);
			runOnlyForDeploymentPostprocessing = 0;
		};
		B5674E9E1D08152E004F888B /* Sources */ = {
			isa = PBXSourcesBuildPhase;
			buildActionMask = 2147483647;
			files = (
				B5674EA71D08152E004F888B /* HaveFriendsUITests.m in Sources */,
			);
			runOnlyForDeploymentPostprocessing = 0;
		};
/* End PBXSourcesBuildPhase section */

/* Begin PBXTargetDependency section */
		B5674E991D08152E004F888B /* PBXTargetDependency */ = {
			isa = PBXTargetDependency;
			target = B5674E7D1D08152D004F888B /* HaveFriends */;
			targetProxy = B5674E981D08152E004F888B /* PBXContainerItemProxy */;
		};
		B5674EA41D08152E004F888B /* PBXTargetDependency */ = {
			isa = PBXTargetDependency;
			target = B5674E7D1D08152D004F888B /* HaveFriends */;
			targetProxy = B5674EA31D08152E004F888B /* PBXContainerItemProxy */;
		};
/* End PBXTargetDependency section */

/* Begin XCBuildConfiguration section */
		B5674EA91D08152E004F888B /* Debug */ = {
			isa = XCBuildConfiguration;
			buildSettings = {
				ALWAYS_SEARCH_USER_PATHS = NO;
				CLANG_ANALYZER_NONNULL = YES;
				CLANG_CXX_LANGUAGE_STANDARD = "gnu++0x";
				CLANG_CXX_LIBRARY = "libc++";
				CLANG_ENABLE_MODULES = YES;
				CLANG_ENABLE_OBJC_ARC = YES;
				CLANG_WARN_BOOL_CONVERSION = YES;
				CLANG_WARN_CONSTANT_CONVERSION = YES;
				CLANG_WARN_DIRECT_OBJC_ISA_USAGE = YES_ERROR;
				CLANG_WARN_EMPTY_BODY = YES;
				CLANG_WARN_ENUM_CONVERSION = YES;
				CLANG_WARN_INT_CONVERSION = YES;
				CLANG_WARN_OBJC_ROOT_CLASS = YES_ERROR;
				CLANG_WARN_UNREACHABLE_CODE = YES;
				CLANG_WARN__DUPLICATE_METHOD_MATCH = YES;
				"CODE_SIGN_IDENTITY[sdk=iphoneos*]" = "iPhone Developer";
				COPY_PHASE_STRIP = NO;
				DEBUG_INFORMATION_FORMAT = dwarf;
				ENABLE_STRICT_OBJC_MSGSEND = YES;
				ENABLE_TESTABILITY = YES;
				GCC_C_LANGUAGE_STANDARD = gnu99;
				GCC_DYNAMIC_NO_PIC = NO;
				GCC_NO_COMMON_BLOCKS = YES;
				GCC_OPTIMIZATION_LEVEL = 0;
				GCC_PREPROCESSOR_DEFINITIONS = (
					"DEBUG=1",
					"$(inherited)",
				);
				GCC_WARN_64_TO_32_BIT_CONVERSION = YES;
				GCC_WARN_ABOUT_RETURN_TYPE = YES_ERROR;
				GCC_WARN_UNDECLARED_SELECTOR = YES;
				GCC_WARN_UNINITIALIZED_AUTOS = YES_AGGRESSIVE;
				GCC_WARN_UNUSED_FUNCTION = YES;
				GCC_WARN_UNUSED_VARIABLE = YES;
				IPHONEOS_DEPLOYMENT_TARGET = 9.3;
				MTL_ENABLE_DEBUG_INFO = YES;
				ONLY_ACTIVE_ARCH = YES;
				SDKROOT = iphoneos;
			};
			name = Debug;
		};
		B5674EAA1D08152E004F888B /* Release */ = {
			isa = XCBuildConfiguration;
			buildSettings = {
				ALWAYS_SEARCH_USER_PATHS = NO;
				CLANG_ANALYZER_NONNULL = YES;
				CLANG_CXX_LANGUAGE_STANDARD = "gnu++0x";
				CLANG_CXX_LIBRARY = "libc++";
				CLANG_ENABLE_MODULES = YES;
				CLANG_ENABLE_OBJC_ARC = YES;
				CLANG_WARN_BOOL_CONVERSION = YES;
				CLANG_WARN_CONSTANT_CONVERSION = YES;
				CLANG_WARN_DIRECT_OBJC_ISA_USAGE = YES_ERROR;
				CLANG_WARN_EMPTY_BODY = YES;
				CLANG_WARN_ENUM_CONVERSION = YES;
				CLANG_WARN_INT_CONVERSION = YES;
				CLANG_WARN_OBJC_ROOT_CLASS = YES_ERROR;
				CLANG_WARN_UNREACHABLE_CODE = YES;
				CLANG_WARN__DUPLICATE_METHOD_MATCH = YES;
				"CODE_SIGN_IDENTITY[sdk=iphoneos*]" = "iPhone Developer";
				COPY_PHASE_STRIP = NO;
				DEBUG_INFORMATION_FORMAT = "dwarf-with-dsym";
				ENABLE_NS_ASSERTIONS = NO;
				ENABLE_STRICT_OBJC_MSGSEND = YES;
				GCC_C_LANGUAGE_STANDARD = gnu99;
				GCC_NO_COMMON_BLOCKS = YES;
				GCC_WARN_64_TO_32_BIT_CONVERSION = YES;
				GCC_WARN_ABOUT_RETURN_TYPE = YES_ERROR;
				GCC_WARN_UNDECLARED_SELECTOR = YES;
				GCC_WARN_UNINITIALIZED_AUTOS = YES_AGGRESSIVE;
				GCC_WARN_UNUSED_FUNCTION = YES;
				GCC_WARN_UNUSED_VARIABLE = YES;
				IPHONEOS_DEPLOYMENT_TARGET = 9.3;
				MTL_ENABLE_DEBUG_INFO = NO;
				SDKROOT = iphoneos;
				VALIDATE_PRODUCT = YES;
			};
			name = Release;
		};
		B5674EAC1D08152E004F888B /* Debug */ = {
			isa = XCBuildConfiguration;
			baseConfigurationReference = 3A086D92855BD6E82CD71FC4 /* Pods-HaveFriends.debug.xcconfig */;
			buildSettings = {
				ASSETCATALOG_COMPILER_APPICON_NAME = AppIcon;
				ASSETCATALOG_COMPILER_LAUNCHIMAGE_NAME = "Brand Assets";
				CLANG_ENABLE_OBJC_WEAK = YES;
				GCC_PREFIX_HEADER = "$(SRCROOT)/HaveFriends/HaveFriends.pch";
				INFOPLIST_FILE = HaveFriends/Info.plist;
				IPHONEOS_DEPLOYMENT_TARGET = 8.0;
				LD_RUNPATH_SEARCH_PATHS = "$(inherited) @executable_path/Frameworks";
				PRODUCT_BUNDLE_IDENTIFIER = lxx.adqer.com.HaveFriends;
				PRODUCT_NAME = "$(TARGET_NAME)";
			};
			name = Debug;
		};
		B5674EAD1D08152E004F888B /* Release */ = {
			isa = XCBuildConfiguration;
			baseConfigurationReference = E2C030723F9E2516CD481C78 /* Pods-HaveFriends.release.xcconfig */;
			buildSettings = {
				ASSETCATALOG_COMPILER_APPICON_NAME = AppIcon;
				ASSETCATALOG_COMPILER_LAUNCHIMAGE_NAME = "Brand Assets";
				CLANG_ENABLE_OBJC_WEAK = YES;
				GCC_PREFIX_HEADER = "$(SRCROOT)/HaveFriends/HaveFriends.pch";
				INFOPLIST_FILE = HaveFriends/Info.plist;
				IPHONEOS_DEPLOYMENT_TARGET = 8.0;
				LD_RUNPATH_SEARCH_PATHS = "$(inherited) @executable_path/Frameworks";
				PRODUCT_BUNDLE_IDENTIFIER = lxx.adqer.com.HaveFriends;
				PRODUCT_NAME = "$(TARGET_NAME)";
			};
			name = Release;
		};
		B5674EAF1D08152E004F888B /* Debug */ = {
			isa = XCBuildConfiguration;
			buildSettings = {
				BUNDLE_LOADER = "$(TEST_HOST)";
				INFOPLIST_FILE = HaveFriendsTests/Info.plist;
				LD_RUNPATH_SEARCH_PATHS = "$(inherited) @executable_path/Frameworks @loader_path/Frameworks";
				PRODUCT_BUNDLE_IDENTIFIER = lxx.adqer.com.HaveFriendsTests;
				PRODUCT_NAME = "$(TARGET_NAME)";
				TEST_HOST = "$(BUILT_PRODUCTS_DIR)/HaveFriends.app/HaveFriends";
			};
			name = Debug;
		};
		B5674EB01D08152E004F888B /* Release */ = {
			isa = XCBuildConfiguration;
			buildSettings = {
				BUNDLE_LOADER = "$(TEST_HOST)";
				INFOPLIST_FILE = HaveFriendsTests/Info.plist;
				LD_RUNPATH_SEARCH_PATHS = "$(inherited) @executable_path/Frameworks @loader_path/Frameworks";
				PRODUCT_BUNDLE_IDENTIFIER = lxx.adqer.com.HaveFriendsTests;
				PRODUCT_NAME = "$(TARGET_NAME)";
				TEST_HOST = "$(BUILT_PRODUCTS_DIR)/HaveFriends.app/HaveFriends";
			};
			name = Release;
		};
		B5674EB21D08152E004F888B /* Debug */ = {
			isa = XCBuildConfiguration;
			buildSettings = {
				INFOPLIST_FILE = HaveFriendsUITests/Info.plist;
				LD_RUNPATH_SEARCH_PATHS = "$(inherited) @executable_path/Frameworks @loader_path/Frameworks";
				PRODUCT_BUNDLE_IDENTIFIER = lxx.adqer.com.HaveFriendsUITests;
				PRODUCT_NAME = "$(TARGET_NAME)";
				TEST_TARGET_NAME = HaveFriends;
			};
			name = Debug;
		};
		B5674EB31D08152E004F888B /* Release */ = {
			isa = XCBuildConfiguration;
			buildSettings = {
				INFOPLIST_FILE = HaveFriendsUITests/Info.plist;
				LD_RUNPATH_SEARCH_PATHS = "$(inherited) @executable_path/Frameworks @loader_path/Frameworks";
				PRODUCT_BUNDLE_IDENTIFIER = lxx.adqer.com.HaveFriendsUITests;
				PRODUCT_NAME = "$(TARGET_NAME)";
				TEST_TARGET_NAME = HaveFriends;
			};
			name = Release;
		};
/* End XCBuildConfiguration section */

/* Begin XCConfigurationList section */
		B5674E791D08152D004F888B /* Build configuration list for PBXProject "HaveFriends" */ = {
			isa = XCConfigurationList;
			buildConfigurations = (
				B5674EA91D08152E004F888B /* Debug */,
				B5674EAA1D08152E004F888B /* Release */,
			);
			defaultConfigurationIsVisible = 0;
			defaultConfigurationName = Release;
		};
		B5674EAB1D08152E004F888B /* Build configuration list for PBXNativeTarget "HaveFriends" */ = {
			isa = XCConfigurationList;
			buildConfigurations = (
				B5674EAC1D08152E004F888B /* Debug */,
				B5674EAD1D08152E004F888B /* Release */,
			);
			defaultConfigurationIsVisible = 0;
			defaultConfigurationName = Release;
		};
		B5674EAE1D08152E004F888B /* Build configuration list for PBXNativeTarget "HaveFriendsTests" */ = {
			isa = XCConfigurationList;
			buildConfigurations = (
				B5674EAF1D08152E004F888B /* Debug */,
				B5674EB01D08152E004F888B /* Release */,
			);
			defaultConfigurationIsVisible = 0;
			defaultConfigurationName = Release;
		};
		B5674EB11D08152E004F888B /* Build configuration list for PBXNativeTarget "HaveFriendsUITests" */ = {
			isa = XCConfigurationList;
			buildConfigurations = (
				B5674EB21D08152E004F888B /* Debug */,
				B5674EB31D08152E004F888B /* Release */,
			);
			defaultConfigurationIsVisible = 0;
			defaultConfigurationName = Release;
		};
/* End XCConfigurationList section */
	};
	rootObject = B5674E761D08152D004F888B /* Project object */;
}
